dependencies:
  espressif/cmake_utilities:
    component_hash: 351350613ceafba240b761b4ea991e0f231ac7a9f59a9ee901f751bddc0bb18f
    source:
      service_url: https://api.components.espressif.com/
      type: service
    version: 0.5.3
  espressif/esp_lcd_touch:
    component_hash: d4d8f2dc33205797169a97a02e0d89a8982f59fe0509129b54422052b8522f59
    source:
      service_url: https://api.components.espressif.com/
      type: service
    version: 1.1.1
  idf:
    component_hash: null
    source:
      type: idf
    version: 5.2.1
manifest_hash: 45053fb6bd218032d19a993e42edfaef212fb3a5b80fada405b5852327d25d71
target: esp32s3
version: 1.0.0
